
Microsoft Visual Studio Solution File, Format Version 12.00
# Visual Studio Version 17
VisualStudioVersion = 17.6.33815.320
MinimumVisualStudioVersion = 10.0.40219.1
Project("{8BC9CEB8-8B4A-11D0-8D11-00A0C91BC942}") = "day1", "day1\day1.vcxproj", "{852E37D3-2FC5-4EAB-83D0-69D0254FA981}"
EndProject
Project("{8BC9CEB8-8B4A-11D0-8D11-00A0C91BC942}") = "day2", "day2\day2.vcxproj", "{865D8E72-8373-4622-AB75-2E33103E6C4F}"
EndProject
Project("{8BC9CEB8-8B4A-11D0-8D11-00A0C91BC942}") = "day3", "day3\day3.vcxproj", "{6272C47A-37E0-4487-8F53-EB9CDE3E0C9E}"
EndProject
Project("{8BC9CEB8-8B4A-11D0-8D11-00A0C91BC942}") = "day4", "day4\day4.vcxproj", "{DDA8082D-A9F2-4090-B633-4A1C44585859}"
EndProject
Project("{8BC9CEB8-8B4A-11D0-8D11-00A0C91BC942}") = "day5", "day5\day5.vcxproj", "{6558D501-DADF-4F13-8705-1B0BBBD04611}"
EndProject
Project("{8BC9CEB8-8B4A-11D0-8D11-00A0C91BC942}") = "day6", "day6\day6.vcxproj", "{DC0CE50C-B955-4F8D-B1CE-54EEAF2B0A72}"
EndProject
Global
	GlobalSection(SolutionConfigurationPlatforms) = preSolution
		Debug|x64 = Debug|x64
		Debug|x86 = Debug|x86
		Release|x64 = Release|x64
		Release|x86 = Release|x86
	EndGlobalSection
	GlobalSection(ProjectConfigurationPlatforms) = postSolution
		{852E37D3-2FC5-4EAB-83D0-69D0254FA981}.Debug|x64.ActiveCfg = Debug|x64
		{852E37D3-2FC5-4EAB-83D0-69D0254FA981}.Debug|x64.Build.0 = Debug|x64
		{852E37D3-2FC5-4EAB-83D0-69D0254FA981}.Debug|x86.ActiveCfg = Debug|Win32
		{852E37D3-2FC5-4EAB-83D0-69D0254FA981}.Debug|x86.Build.0 = Debug|Win32
		{852E37D3-2FC5-4EAB-83D0-69D0254FA981}.Release|x64.ActiveCfg = Release|x64
		{852E37D3-2FC5-4EAB-83D0-69D0254FA981}.Release|x64.Build.0 = Release|x64
		{852E37D3-2FC5-4EAB-83D0-69D0254FA981}.Release|x86.ActiveCfg = Release|Win32
		{852E37D3-2FC5-4EAB-83D0-69D0254FA981}.Release|x86.Build.0 = Release|Win32
		{865D8E72-8373-4622-AB75-2E33103E6C4F}.Debug|x64.ActiveCfg = Debug|x64
		{865D8E72-8373-4622-AB75-2E33103E6C4F}.Debug|x64.Build.0 = Debug|x64
		{865D8E72-8373-4622-AB75-2E33103E6C4F}.Debug|x86.ActiveCfg = Debug|Win32
		{865D8E72-8373-4622-AB75-2E33103E6C4F}.Debug|x86.Build.0 = Debug|Win32
		{865D8E72-8373-4622-AB75-2E33103E6C4F}.Release|x64.ActiveCfg = Release|x64
		{865D8E72-8373-4622-AB75-2E33103E6C4F}.Release|x64.Build.0 = Release|x64
		{865D8E72-8373-4622-AB75-2E33103E6C4F}.Release|x86.ActiveCfg = Release|Win32
		{865D8E72-8373-4622-AB75-2E33103E6C4F}.Release|x86.Build.0 = Release|Win32
		{6272C47A-37E0-4487-8F53-EB9CDE3E0C9E}.Debug|x64.ActiveCfg = Debug|x64
		{6272C47A-37E0-4487-8F53-EB9CDE3E0C9E}.Debug|x64.Build.0 = Debug|x64
		{6272C47A-37E0-4487-8F53-EB9CDE3E0C9E}.Debug|x86.ActiveCfg = Debug|Win32
		{6272C47A-37E0-4487-8F53-EB9CDE3E0C9E}.Debug|x86.Build.0 = Debug|Win32
		{6272C47A-37E0-4487-8F53-EB9CDE3E0C9E}.Release|x64.ActiveCfg = Release|x64
		{6272C47A-37E0-4487-8F53-EB9CDE3E0C9E}.Release|x64.Build.0 = Release|x64
		{6272C47A-37E0-4487-8F53-EB9CDE3E0C9E}.Release|x86.ActiveCfg = Release|Win32
		{6272C47A-37E0-4487-8F53-EB9CDE3E0C9E}.Release|x86.Build.0 = Release|Win32
		{DDA8082D-A9F2-4090-B633-4A1C44585859}.Debug|x64.ActiveCfg = Debug|x64
		{DDA8082D-A9F2-4090-B633-4A1C44585859}.Debug|x64.Build.0 = Debug|x64
		{DDA8082D-A9F2-4090-B633-4A1C44585859}.Debug|x86.ActiveCfg = Debug|Win32
		{DDA8082D-A9F2-4090-B633-4A1C44585859}.Debug|x86.Build.0 = Debug|Win32
		{DDA8082D-A9F2-4090-B633-4A1C44585859}.Release|x64.ActiveCfg = Release|x64
		{DDA8082D-A9F2-4090-B633-4A1C44585859}.Release|x64.Build.0 = Release|x64
		{DDA8082D-A9F2-4090-B633-4A1C44585859}.Release|x86.ActiveCfg = Release|Win32
		{DDA8082D-A9F2-4090-B633-4A1C44585859}.Release|x86.Build.0 = Release|Win32
		{6558D501-DADF-4F13-8705-1B0BBBD04611}.Debug|x64.ActiveCfg = Debug|x64
		{6558D501-DADF-4F13-8705-1B0BBBD04611}.Debug|x64.Build.0 = Debug|x64
		{6558D501-DADF-4F13-8705-1B0BBBD04611}.Debug|x86.ActiveCfg = Debug|Win32
		{6558D501-DADF-4F13-8705-1B0BBBD04611}.Debug|x86.Build.0 = Debug|Win32
		{6558D501-DADF-4F13-8705-1B0BBBD04611}.Release|x64.ActiveCfg = Release|x64
		{6558D501-DADF-4F13-8705-1B0BBBD04611}.Release|x64.Build.0 = Release|x64
		{6558D501-DADF-4F13-8705-1B0BBBD04611}.Release|x86.ActiveCfg = Release|Win32
		{6558D501-DADF-4F13-8705-1B0BBBD04611}.Release|x86.Build.0 = Release|Win32
		{DC0CE50C-B955-4F8D-B1CE-54EEAF2B0A72}.Debug|x64.ActiveCfg = Debug|x64
		{DC0CE50C-B955-4F8D-B1CE-54EEAF2B0A72}.Debug|x64.Build.0 = Debug|x64
		{DC0CE50C-B955-4F8D-B1CE-54EEAF2B0A72}.Debug|x86.ActiveCfg = Debug|Win32
		{DC0CE50C-B955-4F8D-B1CE-54EEAF2B0A72}.Debug|x86.Build.0 = Debug|Win32
		{DC0CE50C-B955-4F8D-B1CE-54EEAF2B0A72}.Release|x64.ActiveCfg = Release|x64
		{DC0CE50C-B955-4F8D-B1CE-54EEAF2B0A72}.Release|x64.Build.0 = Release|x64
		{DC0CE50C-B955-4F8D-B1CE-54EEAF2B0A72}.Release|x86.ActiveCfg = Release|Win32
		{DC0CE50C-B955-4F8D-B1CE-54EEAF2B0A72}.Release|x86.Build.0 = Release|Win32
	EndGlobalSection
	GlobalSection(SolutionProperties) = preSolution
		HideSolutionNode = FALSE
	EndGlobalSection
	GlobalSection(ExtensibilityGlobals) = postSolution
		SolutionGuid = {FEE3B114-7CBE-4481-BF89-F80EED658910}
	EndGlobalSection
EndGlobal
